github.com/envoker/gotk3 v0.0.0-20160310213945-1bdac686fc34 h1:ZmRRYv8iR/sURS8n3KRWJyXI4M0ZYJiQmh5nc6fdfJE=
github.com/envoker/gotk3 v0.0.0-20160310213945-1bdac686fc34/go.mod h1:+GLOqHSA1TkmRzLjquP+24b/tx2zrtjCE57J2eDo9pM=
github.com/gotk3/gotk3 v0.6.1 h1:GJ400a0ecEEWrzjBvzBzH+pB/esEMIGdB9zPSmBdoeo=
github.com/gotk3/gotk3 v0.6.1/go.mod h1:/hqFpkNa9T3JgNAE2fLvCdov7c5bw//FHNZrZ3Uv9/Q=
